<?xml version="1.0" encoding="utf-8"?>
<Project ToolsVersion="4.0" xmlns="http://schemas.microsoft.com/developer/msbuild/2003">
  <ItemGroup>
    <Filter Include="Source Files">
      <UniqueIdentifier>{4FC737F1-C7A5-4376-A066-2A32D752A2FF}</UniqueIdentifier>
      <Extensions>cpp;c;cc;cxx;def;odl;idl;hpj;bat;asm;asmx</Extensions>
    </Filter>
    <Filter Include="Header Files">
      <UniqueIdentifier>{93995380-89BD-4b04-88EB-625FBE52EBFB}</UniqueIdentifier>
      <Extensions>h;hh;hpp;hxx;hm;inl;inc;xsd</Extensions>
    </Filter>
    <Filter Include="Resource Files">
      <UniqueIdentifier>{67DA6AB6-F800-4c08-8B7A-83BB121AAD01}</UniqueIdentifier>
      <Extensions>rc;ico;cur;bmp;dlg;rc2;rct;bin;rgs;gif;jpg;jpeg;jpe;resx;tiff;tif;png;wav;mfcribbon-ms</Extensions>
    </Filter>
  </ItemGroup>
  <ItemGroup>
    <Text Include="ReadMe.txt" />
  </ItemGroup>
  <ItemGroup>
    <ClCompile Include="src\themis\message.c">
      <Filter>Source Files</Filter>
    </ClCompile>
    <ClCompile Include="src\themis\secure_cell.c">
      <Filter>Source Files</Filter>
    </ClCompile>
    <ClCompile Include="src\themis\secure_comparator.c">
      <Filter>Source Files</Filter>
    </ClCompile>
    <ClCompile Include="src\themis\secure_message.c">
      <Filter>Source Files</Filter>
    </ClCompile>
    <ClCompile Include="src\themis\secure_message_wrapper.c">
      <Filter>Source Files</Filter>
    </ClCompile>
    <ClCompile Include="src\themis\secure_session.c">
      <Filter>Source Files</Filter>
    </ClCompile>
    <ClCompile Include="src\themis\secure_session_message.c">
      <Filter>Source Files</Filter>
    </ClCompile>
    <ClCompile Include="src\themis\secure_session_peer.c">
      <Filter>Source Files</Filter>
    </ClCompile>
    <ClCompile Include="src\themis\secure_session_serialize.c">
      <Filter>Source Files</Filter>
    </ClCompile>
    <ClCompile Include="src\themis\secure_session_utils.c">
      <Filter>Source Files</Filter>
    </ClCompile>
    <ClCompile Include="src\themis\sym_enc_message.c">
      <Filter>Source Files</Filter>
    </ClCompile>
    <ClCompile Include="src\themis\themis.c">
      <Filter>Source Files</Filter>
    </ClCompile>
    <ClCompile Include="src\soter\soter_container.c">
      <Filter>Source Files</Filter>
    </ClCompile>
    <ClCompile Include="src\soter\soter_crc32.c">
      <Filter>Source Files</Filter>
    </ClCompile>
    <ClCompile Include="src\soter\soter_hmac.c">
      <Filter>Source Files</Filter>
    </ClCompile>
    <ClCompile Include="src\soter\soter_kdf.c">
      <Filter>Source Files</Filter>
    </ClCompile>
    <ClCompile Include="src\soter\soter_sign.c">
      <Filter>Source Files</Filter>
    </ClCompile>
    <ClCompile Include="src\soter\openssl\soter.c">
      <Filter>Source Files</Filter>
    </ClCompile>
    <ClCompile Include="src\soter\openssl\soter_asym_cipher.c">
      <Filter>Source Files</Filter>
    </ClCompile>
    <ClCompile Include="src\soter\openssl\soter_asym_ka.c">
      <Filter>Source Files</Filter>
    </ClCompile>
    <ClCompile Include="src\soter\openssl\soter_ec_key.c">
      <Filter>Source Files</Filter>
    </ClCompile>
    <ClCompile Include="src\soter\openssl\soter_ecdsa_common.c">
      <Filter>Source Files</Filter>
    </ClCompile>
    <ClCompile Include="src\soter\openssl\soter_hash.c">
      <Filter>Source Files</Filter>
    </ClCompile>
    <ClCompile Include="src\soter\openssl\soter_rand.c">
      <Filter>Source Files</Filter>
    </ClCompile>
    <ClCompile Include="src\soter\openssl\soter_rsa_common.c">
      <Filter>Source Files</Filter>
    </ClCompile>
    <ClCompile Include="src\soter\openssl\soter_rsa_key.c">
      <Filter>Source Files</Filter>
    </ClCompile>
    <ClCompile Include="src\soter\openssl\soter_rsa_key_pair_gen.c">
      <Filter>Source Files</Filter>
    </ClCompile>
    <ClCompile Include="src\soter\openssl\soter_sign_ecdsa.c">
      <Filter>Source Files</Filter>
    </ClCompile>
    <ClCompile Include="src\soter\openssl\soter_sign_rsa.c">
      <Filter>Source Files</Filter>
    </ClCompile>
    <ClCompile Include="src\soter\openssl\soter_sym.c">
      <Filter>Source Files</Filter>
    </ClCompile>
    <ClCompile Include="src\soter\openssl\soter_verify_ecdsa.c">
      <Filter>Source Files</Filter>
    </ClCompile>
    <ClCompile Include="src\soter\openssl\soter_verify_rsa.c">
      <Filter>Source Files</Filter>
    </ClCompile>
  </ItemGroup>
  <ItemGroup>
    <ClInclude Include="src\themis\error.h">
      <Filter>Header Files</Filter>
    </ClInclude>
    <ClInclude Include="src\themis\message.h">
      <Filter>Header Files</Filter>
    </ClInclude>
    <ClInclude Include="src\themis\portable_endian.h">
      <Filter>Header Files</Filter>
    </ClInclude>
    <ClInclude Include="src\themis\secure_cell.h">
      <Filter>Header Files</Filter>
    </ClInclude>
    <ClInclude Include="src\themis\secure_cell_alg.h">
      <Filter>Header Files</Filter>
    </ClInclude>
    <ClInclude Include="src\themis\secure_comparator.h">
      <Filter>Header Files</Filter>
    </ClInclude>
    <ClInclude Include="src\themis\secure_comparator_t.h">
      <Filter>Header Files</Filter>
    </ClInclude>
    <ClInclude Include="src\themis\secure_message.h">
      <Filter>Header Files</Filter>
    </ClInclude>
    <ClInclude Include="src\themis\secure_message_wrapper.h">
      <Filter>Header Files</Filter>
    </ClInclude>
    <ClInclude Include="src\themis\secure_session.h">
      <Filter>Header Files</Filter>
    </ClInclude>
    <ClInclude Include="src\themis\secure_session_peer.h">
      <Filter>Header Files</Filter>
    </ClInclude>
    <ClInclude Include="src\themis\secure_session_t.h">
      <Filter>Header Files</Filter>
    </ClInclude>
    <ClInclude Include="src\themis\secure_session_utils.h">
      <Filter>Header Files</Filter>
    </ClInclude>
    <ClInclude Include="src\themis\sym_enc_message.h">
      <Filter>Header Files</Filter>
    </ClInclude>
    <ClInclude Include="src\themis\themis.h">
      <Filter>Header Files</Filter>
    </ClInclude>
    <ClInclude Include="src\soter\error.h">
      <Filter>Header Files</Filter>
    </ClInclude>
    <ClInclude Include="src\soter\soter.h">
      <Filter>Header Files</Filter>
    </ClInclude>
    <ClInclude Include="src\soter\soter_asym_cipher.h">
      <Filter>Header Files</Filter>
    </ClInclude>
    <ClInclude Include="src\soter\soter_asym_ka.h">
      <Filter>Header Files</Filter>
    </ClInclude>
    <ClInclude Include="src\soter\soter_asym_sign.h">
      <Filter>Header Files</Filter>
    </ClInclude>
    <ClInclude Include="src\soter\soter_container.h">
      <Filter>Header Files</Filter>
    </ClInclude>
    <ClInclude Include="src\soter\soter_crc32.h">
      <Filter>Header Files</Filter>
    </ClInclude>
    <ClInclude Include="src\soter\soter_ec_key.h">
      <Filter>Header Files</Filter>
    </ClInclude>
    <ClInclude Include="src\soter\soter_hash.h">
      <Filter>Header Files</Filter>
    </ClInclude>
    <ClInclude Include="src\soter\soter_hmac.h">
      <Filter>Header Files</Filter>
    </ClInclude>
    <ClInclude Include="src\soter\soter_kdf.h">
      <Filter>Header Files</Filter>
    </ClInclude>
    <ClInclude Include="src\soter\soter_rand.h">
      <Filter>Header Files</Filter>
    </ClInclude>
    <ClInclude Include="src\soter\soter_rsa_key.h">
      <Filter>Header Files</Filter>
    </ClInclude>
    <ClInclude Include="src\soter\soter_rsa_key_pair_gen.h">
      <Filter>Header Files</Filter>
    </ClInclude>
    <ClInclude Include="src\soter\soter_sign_ecdsa.h">
      <Filter>Header Files</Filter>
    </ClInclude>
    <ClInclude Include="src\soter\soter_sign_rsa.h">
      <Filter>Header Files</Filter>
    </ClInclude>
    <ClInclude Include="src\soter\soter_sym.h">
      <Filter>Header Files</Filter>
    </ClInclude>
    <ClInclude Include="src\soter\soter_t.h">
      <Filter>Header Files</Filter>
    </ClInclude>
    <ClInclude Include="src\soter\openssl\x509v3err.h">
      <Filter>Header Files</Filter>
    </ClInclude>
    <ClInclude Include="src\soter\openssl\x509v3.h">
      <Filter>Header Files</Filter>
    </ClInclude>
    <ClInclude Include="src\soter\openssl\x509err.h">
      <Filter>Header Files</Filter>
    </ClInclude>
    <ClInclude Include="src\soter\openssl\x509_vfy.h">
      <Filter>Header Files</Filter>
    </ClInclude>
    <ClInclude Include="src\soter\openssl\x509.h">
      <Filter>Header Files</Filter>
    </ClInclude>
    <ClInclude Include="src\soter\openssl\whrlpool.h">
      <Filter>Header Files</Filter>
    </ClInclude>
    <ClInclude Include="src\soter\openssl\uierr.h">
      <Filter>Header Files</Filter>
    </ClInclude>
    <ClInclude Include="src\soter\openssl\ui.h">
      <Filter>Header Files</Filter>
    </ClInclude>
    <ClInclude Include="src\soter\openssl\txt_db.h">
      <Filter>Header Files</Filter>
    </ClInclude>
    <ClInclude Include="src\soter\openssl\tserr.h">
      <Filter>Header Files</Filter>
    </ClInclude>
    <ClInclude Include="src\soter\openssl\ts.h">
      <Filter>Header Files</Filter>
    </ClInclude>
    <ClInclude Include="src\soter\openssl\tls1.h">
      <Filter>Header Files</Filter>
    </ClInclude>
    <ClInclude Include="src\soter\openssl\symhacks.h">
      <Filter>Header Files</Filter>
    </ClInclude>
    <ClInclude Include="src\soter\openssl\storeerr.h">
      <Filter>Header Files</Filter>
    </ClInclude>
    <ClInclude Include="src\soter\openssl\store.h">
      <Filter>Header Files</Filter>
    </ClInclude>
    <ClInclude Include="src\soter\openssl\stack.h">
      <Filter>Header Files</Filter>
    </ClInclude>
    <ClInclude Include="src\soter\openssl\sslerr.h">
      <Filter>Header Files</Filter>
    </ClInclude>
    <ClInclude Include="src\soter\openssl\ssl3.h">
      <Filter>Header Files</Filter>
    </ClInclude>
    <ClInclude Include="src\soter\openssl\ssl2.h">
      <Filter>Header Files</Filter>
    </ClInclude>
    <ClInclude Include="src\soter\openssl\ssl.h">
      <Filter>Header Files</Filter>
    </ClInclude>
    <ClInclude Include="src\soter\openssl\srtp.h">
      <Filter>Header Files</Filter>
    </ClInclude>
    <ClInclude Include="src\soter\openssl\srp.h">
      <Filter>Header Files</Filter>
    </ClInclude>
    <ClInclude Include="src\soter\openssl\soter_rsa_common.h">
      <Filter>Header Files</Filter>
    </ClInclude>
    <ClInclude Include="src\soter\openssl\soter_engine.h">
      <Filter>Header Files</Filter>
    </ClInclude>
    <ClInclude Include="src\soter\openssl\soter_ecdsa_common.h">
      <Filter>Header Files</Filter>
    </ClInclude>
    <ClInclude Include="src\soter\openssl\sha.h">
      <Filter>Header Files</Filter>
    </ClInclude>
    <ClInclude Include="src\soter\openssl\seed.h">
      <Filter>Header Files</Filter>
    </ClInclude>
    <ClInclude Include="src\soter\openssl\safestack.h">
      <Filter>Header Files</Filter>
    </ClInclude>
    <ClInclude Include="src\soter\openssl\rsaerr.h">
      <Filter>Header Files</Filter>
    </ClInclude>
    <ClInclude Include="src\soter\openssl\rsa.h">
      <Filter>Header Files</Filter>
    </ClInclude>
    <ClInclude Include="src\soter\openssl\ripemd.h">
      <Filter>Header Files</Filter>
    </ClInclude>
    <ClInclude Include="src\soter\openssl\rc5.h">
      <Filter>Header Files</Filter>
    </ClInclude>
    <ClInclude Include="src\soter\openssl\rc4.h">
      <Filter>Header Files</Filter>
    </ClInclude>
    <ClInclude Include="src\soter\openssl\rc2.h">
      <Filter>Header Files</Filter>
    </ClInclude>
    <ClInclude Include="src\soter\openssl\randerr.h">
      <Filter>Header Files</Filter>
    </ClInclude>
    <ClInclude Include="src\soter\openssl\rand.h">
      <Filter>Header Files</Filter>
    </ClInclude>
    <ClInclude Include="src\soter\openssl\pkcs12err.h">
      <Filter>Header Files</Filter>
    </ClInclude>
    <ClInclude Include="src\soter\openssl\pkcs12.h">
      <Filter>Header Files</Filter>
    </ClInclude>
    <ClInclude Include="src\soter\openssl\pkcs7err.h">
      <Filter>Header Files</Filter>
    </ClInclude>
    <ClInclude Include="src\soter\openssl\pkcs7.h">
      <Filter>Header Files</Filter>
    </ClInclude>
    <ClInclude Include="src\soter\openssl\pemerr.h">
      <Filter>Header Files</Filter>
    </ClInclude>
    <ClInclude Include="src\soter\openssl\pem2.h">
      <Filter>Header Files</Filter>
    </ClInclude>
    <ClInclude Include="src\soter\openssl\pem.h">
      <Filter>Header Files</Filter>
    </ClInclude>
    <ClInclude Include="src\soter\openssl\ossl_typ.h">
      <Filter>Header Files</Filter>
    </ClInclude>
    <ClInclude Include="src\soter\openssl\opensslv.h">
      <Filter>Header Files</Filter>
    </ClInclude>
    <ClInclude Include="src\soter\openssl\opensslconf.h">
      <Filter>Header Files</Filter>
    </ClInclude>
    <ClInclude Include="src\soter\openssl\ocsperr.h">
      <Filter>Header Files</Filter>
    </ClInclude>
    <ClInclude Include="src\soter\openssl\ocsp.h">
      <Filter>Header Files</Filter>
    </ClInclude>
    <ClInclude Include="src\soter\openssl\objectserr.h">
      <Filter>Header Files</Filter>
    </ClInclude>
    <ClInclude Include="src\soter\openssl\objects.h">
      <Filter>Header Files</Filter>
    </ClInclude>
    <ClInclude Include="src\soter\openssl\obj_mac.h">
      <Filter>Header Files</Filter>
    </ClInclude>
    <ClInclude Include="src\soter\openssl\modes.h">
      <Filter>Header Files</Filter>
    </ClInclude>
    <ClInclude Include="src\soter\openssl\mdc2.h">
      <Filter>Header Files</Filter>
    </ClInclude>
    <ClInclude Include="src\soter\openssl\md5.h">
      <Filter>Header Files</Filter>
    </ClInclude>
    <ClInclude Include="src\soter\openssl\md4.h">
      <Filter>Header Files</Filter>
    </ClInclude>
    <ClInclude Include="src\soter\openssl\md2.h">
      <Filter>Header Files</Filter>
    </ClInclude>
    <ClInclude Include="src\soter\openssl\lhash.h">
      <Filter>Header Files</Filter>
    </ClInclude>
    <ClInclude Include="src\soter\openssl\kdferr.h">
      <Filter>Header Files</Filter>
    </ClInclude>
    <ClInclude Include="src\soter\openssl\kdf.h">
      <Filter>Header Files</Filter>
    </ClInclude>
    <ClInclude Include="src\soter\openssl\idea.h">
      <Filter>Header Files</Filter>
    </ClInclude>
    <ClInclude Include="src\soter\openssl\hmac.h">
      <Filter>Header Files</Filter>
    </ClInclude>
    <ClInclude Include="src\soter\openssl\evperr.h">
      <Filter>Header Files</Filter>
    </ClInclude>
    <ClInclude Include="src\soter\openssl\evp.h">
      <Filter>Header Files</Filter>
    </ClInclude>
    <ClInclude Include="src\soter\openssl\err.h">
      <Filter>Header Files</Filter>
    </ClInclude>
    <ClInclude Include="src\soter\openssl\engineerr.h">
      <Filter>Header Files</Filter>
    </ClInclude>
    <ClInclude Include="src\soter\openssl\engine.h">
      <Filter>Header Files</Filter>
    </ClInclude>
    <ClInclude Include="src\soter\openssl\ecerr.h">
      <Filter>Header Files</Filter>
    </ClInclude>
    <ClInclude Include="src\soter\openssl\ecdsa.h">
      <Filter>Header Files</Filter>
    </ClInclude>
    <ClInclude Include="src\soter\openssl\ecdh.h">
      <Filter>Header Files</Filter>
    </ClInclude>
    <ClInclude Include="src\soter\openssl\ec.h">
      <Filter>Header Files</Filter>
    </ClInclude>
    <ClInclude Include="src\soter\openssl\ebcdic.h">
      <Filter>Header Files</Filter>
    </ClInclude>
    <ClInclude Include="src\soter\openssl\e_os2.h">
      <Filter>Header Files</Filter>
    </ClInclude>
    <ClInclude Include="src\soter\openssl\dtls1.h">
      <Filter>Header Files</Filter>
    </ClInclude>
    <ClInclude Include="src\soter\openssl\dsaerr.h">
      <Filter>Header Files</Filter>
    </ClInclude>
    <ClInclude Include="src\soter\openssl\dsa.h">
      <Filter>Header Files</Filter>
    </ClInclude>
    <ClInclude Include="src\soter\openssl\dherr.h">
      <Filter>Header Files</Filter>
    </ClInclude>
    <ClInclude Include="src\soter\openssl\dh.h">
      <Filter>Header Files</Filter>
    </ClInclude>
    <ClInclude Include="src\soter\openssl\des.h">
      <Filter>Header Files</Filter>
    </ClInclude>
    <ClInclude Include="src\soter\openssl\cterr.h">
      <Filter>Header Files</Filter>
    </ClInclude>
    <ClInclude Include="src\soter\openssl\ct.h">
      <Filter>Header Files</Filter>
    </ClInclude>
    <ClInclude Include="src\soter\openssl\cryptoerr.h">
      <Filter>Header Files</Filter>
    </ClInclude>
    <ClInclude Include="src\soter\openssl\crypto.h">
      <Filter>Header Files</Filter>
    </ClInclude>
    <ClInclude Include="src\soter\openssl\conferr.h">
      <Filter>Header Files</Filter>
    </ClInclude>
    <ClInclude Include="src\soter\openssl\conf_api.h">
      <Filter>Header Files</Filter>
    </ClInclude>
    <ClInclude Include="src\soter\openssl\conf.h">
      <Filter>Header Files</Filter>
    </ClInclude>
    <ClInclude Include="src\soter\openssl\comperr.h">
      <Filter>Header Files</Filter>
    </ClInclude>
    <ClInclude Include="src\soter\openssl\comp.h">
      <Filter>Header Files</Filter>
    </ClInclude>
    <ClInclude Include="src\soter\openssl\cmserr.h">
      <Filter>Header Files</Filter>
    </ClInclude>
    <ClInclude Include="src\soter\openssl\cms.h">
      <Filter>Header Files</Filter>
    </ClInclude>
    <ClInclude Include="src\soter\openssl\cmac.h">
      <Filter>Header Files</Filter>
    </ClInclude>
    <ClInclude Include="src\soter\openssl\cast.h">
      <Filter>Header Files</Filter>
    </ClInclude>
    <ClInclude Include="src\soter\openssl\camellia.h">
      <Filter>Header Files</Filter>
    </ClInclude>
    <ClInclude Include="src\soter\openssl\buffererr.h">
      <Filter>Header Files</Filter>
    </ClInclude>
    <ClInclude Include="src\soter\openssl\buffer.h">
      <Filter>Header Files</Filter>
    </ClInclude>
    <ClInclude Include="src\soter\openssl\bnerr.h">
      <Filter>Header Files</Filter>
    </ClInclude>
    <ClInclude Include="src\soter\openssl\bn.h">
      <Filter>Header Files</Filter>
    </ClInclude>
    <ClInclude Include="src\soter\openssl\blowfish.h">
      <Filter>Header Files</Filter>
    </ClInclude>
    <ClInclude Include="src\soter\openssl\bioerr.h">
      <Filter>Header Files</Filter>
    </ClInclude>
    <ClInclude Include="src\soter\openssl\bio.h">
      <Filter>Header Files</Filter>
    </ClInclude>
    <ClInclude Include="src\soter\openssl\asyncerr.h">
      <Filter>Header Files</Filter>
    </ClInclude>
    <ClInclude Include="src\soter\openssl\async.h">
      <Filter>Header Files</Filter>
    </ClInclude>
    <ClInclude Include="src\soter\openssl\asn1t.h">
      <Filter>Header Files</Filter>
    </ClInclude>
    <ClInclude Include="src\soter\openssl\asn1err.h">
      <Filter>Header Files</Filter>
    </ClInclude>
    <ClInclude Include="src\soter\openssl\asn1_mac.h">
      <Filter>Header Files</Filter>
    </ClInclude>
    <ClInclude Include="src\soter\openssl\asn1.h">
      <Filter>Header Files</Filter>
    </ClInclude>
    <ClInclude Include="src\soter\openssl\aes.h">
      <Filter>Header Files</Filter>
    </ClInclude>
    <ClInclude Include="src\soter\openssl\__DECC_INCLUDE_PROLOGUE.H">
      <Filter>Header Files</Filter>
    </ClInclude>
    <ClInclude Include="src\soter\openssl\__DECC_INCLUDE_EPILOGUE.H">
      <Filter>Header Files</Filter>
    </ClInclude>
  </ItemGroup>
  <ItemGroup>
    <None Include="packages.config" />
  </ItemGroup>
</Project>