<?xml version="1.0" encoding="utf-8"?>
<Project ToolsVersion="4.0" xmlns="http://schemas.microsoft.com/developer/msbuild/2003">
  <ItemGroup>
    <Filter Include="Source Files">
      <UniqueIdentifier>{4FC737F1-C7A5-4376-A066-2A32D752A2FF}</UniqueIdentifier>
      <Extensions>cpp;c;cc;cxx;def;odl;idl;hpj;bat;asm;asmx</Extensions>
    </Filter>
    <Filter Include="Header Files">
      <UniqueIdentifier>{93995380-89BD-4b04-88EB-625FBE52EBFB}</UniqueIdentifier>
      <Extensions>h;hh;hpp;hxx;hm;inl;inc;xsd</Extensions>
    </Filter>
    <Filter Include="Resource Files">
      <UniqueIdentifier>{67DA6AB6-F800-4c08-8B7A-83BB121AAD01}</UniqueIdentifier>
      <Extensions>rc;ico;cur;bmp;dlg;rc2;rct;bin;rgs;gif;jpg;jpeg;jpe;resx;tiff;tif;png;wav;mfcribbon-ms</Extensions>
    </Filter>
    <Filter Include="ProtobufMsg">
      <UniqueIdentifier>{2bd7a1cc-86ec-4ba5-8a8e-2a9fc11db63f}</UniqueIdentifier>
    </Filter>
    <Filter Include="Logging">
      <UniqueIdentifier>{1703fbcd-adde-4c4f-a8f3-812c47adcf53}</UniqueIdentifier>
    </Filter>
    <Filter Include="Websocket">
      <UniqueIdentifier>{d65b8865-d719-40fb-a16f-98966df2a09e}</UniqueIdentifier>
    </Filter>
    <Filter Include="TinyThread">
      <UniqueIdentifier>{b5016d86-da11-4a66-9b20-cfbe57a83a7a}</UniqueIdentifier>
    </Filter>
    <Filter Include="Themispp">
      <UniqueIdentifier>{5a00fc1f-18e1-4929-8f44-40cfdeaa0d0d}</UniqueIdentifier>
    </Filter>
  </ItemGroup>
  <ItemGroup>
    <Text Include="ReadMe.txt" />
  </ItemGroup>
  <ItemGroup>
    <ClInclude Include="ClearKeep.h">
      <Filter>Header Files</Filter>
    </ClInclude>
    <ClInclude Include="ClearKeepDlg.h">
      <Filter>Header Files</Filter>
    </ClInclude>
    <ClInclude Include="stdafx.h">
      <Filter>Header Files</Filter>
    </ClInclude>
    <ClInclude Include="targetver.h">
      <Filter>Header Files</Filter>
    </ClInclude>
    <ClInclude Include="Resource.h">
      <Filter>Header Files</Filter>
    </ClInclude>
    <ClInclude Include="LoginDlg.h">
      <Filter>Header Files</Filter>
    </ClInclude>
    <ClInclude Include="CThemis.h">
      <Filter>Header Files</Filter>
    </ClInclude>
    <ClInclude Include="Includes\wrapper\logging.h">
      <Filter>Header Files</Filter>
    </ClInclude>
    <ClInclude Include="Includes\protobuf\voip.pb.h">
      <Filter>ProtobufMsg</Filter>
    </ClInclude>
    <ClInclude Include="Includes\protobuf\wire.pb.h">
      <Filter>ProtobufMsg</Filter>
    </ClInclude>
    <ClInclude Include="Includes\easyclient\easywsclient.hpp">
      <Filter>Websocket</Filter>
    </ClInclude>
    <ClInclude Include="Includes\tinythread\fast_mutex.h">
      <Filter>TinyThread</Filter>
    </ClInclude>
    <ClInclude Include="Includes\tinythread\tinythread.h">
      <Filter>TinyThread</Filter>
    </ClInclude>
    <ClInclude Include="..\Themis\src\wrappers\themis\themispp\exception.hpp">
      <Filter>Themispp</Filter>
    </ClInclude>
    <ClInclude Include="..\Themis\src\wrappers\themis\themispp\secure_cell.hpp">
      <Filter>Themispp</Filter>
    </ClInclude>
    <ClInclude Include="..\Themis\src\wrappers\themis\themispp\secure_comparator.hpp">
      <Filter>Themispp</Filter>
    </ClInclude>
    <ClInclude Include="..\Themis\src\wrappers\themis\themispp\secure_keygen.hpp">
      <Filter>Themispp</Filter>
    </ClInclude>
    <ClInclude Include="..\Themis\src\wrappers\themis\themispp\secure_message.hpp">
      <Filter>Themispp</Filter>
    </ClInclude>
    <ClInclude Include="..\Themis\src\wrappers\themis\themispp\secure_rand.hpp">
      <Filter>Themispp</Filter>
    </ClInclude>
    <ClInclude Include="..\Themis\src\wrappers\themis\themispp\secure_session.hpp">
      <Filter>Themispp</Filter>
    </ClInclude>
  </ItemGroup>
  <ItemGroup>
    <ClCompile Include="ClearKeep.cpp">
      <Filter>Source Files</Filter>
    </ClCompile>
    <ClCompile Include="ClearKeepDlg.cpp">
      <Filter>Source Files</Filter>
    </ClCompile>
    <ClCompile Include="stdafx.cpp">
      <Filter>Source Files</Filter>
    </ClCompile>
    <ClCompile Include="LoginDlg.cpp">
      <Filter>Source Files</Filter>
    </ClCompile>
    <ClCompile Include="CThemis.cpp">
      <Filter>Source Files</Filter>
    </ClCompile>
    <ClCompile Include="$(MSBuildThisFileDirectory)..\..\lib\native\src\boost_system-src.error_code.cpp">
      <Filter>Source Files</Filter>
    </ClCompile>
    <ClCompile Include="Includes\wrapper\logging.cpp">
      <Filter>Logging</Filter>
    </ClCompile>
    <ClCompile Include="Includes\protobuf\voip.pb.cc">
      <Filter>ProtobufMsg</Filter>
    </ClCompile>
    <ClCompile Include="Includes\protobuf\wire.pb.cc">
      <Filter>ProtobufMsg</Filter>
    </ClCompile>
    <ClCompile Include="Includes\easyclient\easywsclient.cpp">
      <Filter>Websocket</Filter>
    </ClCompile>
    <ClCompile Include="Includes\tinythread\tinythread.cpp">
      <Filter>TinyThread</Filter>
    </ClCompile>
  </ItemGroup>
  <ItemGroup>
    <ResourceCompile Include="ClearKeep.rc">
      <Filter>Resource Files</Filter>
    </ResourceCompile>
  </ItemGroup>
  <ItemGroup>
    <None Include="res\ClearKeep.rc2">
      <Filter>Resource Files</Filter>
    </None>
    <None Include="packages.config" />
  </ItemGroup>
  <ItemGroup>
    <Image Include="res\ClearKeep.ico">
      <Filter>Resource Files</Filter>
    </Image>
  </ItemGroup>
</Project>