PODS:
  - CocoaAsyncSocket (7.6.1)
  - JWTDecode (2.0.0)
  - OpenSSL-Universal (1.0.1.20)
  - ProtocolBuffers-Swift (3.0.23)
  - SlackTextViewController (1.9.5)
  - Starscream (1.1.3)
  - themis (0.9.4):
    - OpenSSL-Universal (= 1.0.1.20)
    - themis/core (= 0.9.4)
    - themis/objcwrapper (= 0.9.4)
  - themis/core (0.9.4):
    - OpenSSL-Universal (= 1.0.1.20)
  - themis/objcwrapper (0.9.4):
    - OpenSSL-Universal (= 1.0.1.20)
    - themis/core
  - Toast-Swift (2.0.0)

DEPENDENCIES:
  - CocoaAsyncSocket
  - JWTDecode
  - ProtocolBuffers-Swift
  - SlackTextViewController
  - Starscream (from `https://github.com/daltoniam/Starscream`, branch `swift3`)
  - themis
  - Toast-Swift (~> 2.0.0)

EXTERNAL SOURCES:
  Starscream:
    :branch: swift3
    :git: https://github.com/daltoniam/Starscream

CHECKOUT OPTIONS:
  Starscream:
    :commit: b1472f2a99a747ffda35c43ac4eb58b73c59722a
    :git: https://github.com/daltoniam/Starscream

SPEC CHECKSUMS:
  CocoaAsyncSocket: 7eadd3f59e1a6c84e2aefc93e9ff7b55156fe174
  JWTDecode: 178e47e5d28d3abcff778bacced8342858cd6cb5
  OpenSSL-Universal: 71f2c4b2ae758e2218090f905e95ca0ac5c01be7
  ProtocolBuffers-Swift: e0b959c0fbb5dcadb3846f9b42c2cbfae6918422
  SlackTextViewController: fbcdadbb8090673f604484ff5b6eb8d77baed42a
  Starscream: d662732354b40dd19ed1ece3e3c44c80b536b83c
  themis: 5dc6c65d9b7b4a4cd01465972d9b8478e6d19e0a
  Toast-Swift: 5b2f8f720f7e78e48511f693df1f9c9a6e38a25a

PODFILE CHECKSUM: 43518b153c14c21e8aa5dcf8d2a0cbbc846ba3b6

COCOAPODS: 1.3.1
